
Microsoft Visual Studio Solution File, Format Version 12.00
# Visual Studio 15
VisualStudioVersion = 15.0.27428.2043
MinimumVisualStudioVersion = 10.0.40219.1
Project("{FAE04EC0-301F-11D3-BF4B-00C04F79EFBC}") = "SPIClient.PizzaPos", "PizzaPos\SPIClient.PizzaPos.csproj", "{9BD35258-BBAF-481D-81EE-32623B7F87B6}"
EndProject
Project("{FAE04EC0-301F-11D3-BF4B-00C04F79EFBC}") = "SPIClient.HammerPos", "HammerPos\SPIClient.HammerPos.csproj", "{C1453028-4D29-4F41-AE3C-CFBCF1D0831E}"
EndProject
Global
	GlobalSection(SolutionConfigurationPlatforms) = preSolution
		Debug|Any CPU = Debug|Any CPU
		Release|Any CPU = Release|Any CPU
	EndGlobalSection
	GlobalSection(ProjectConfigurationPlatforms) = postSolution
		{9BD35258-BBAF-481D-81EE-32623B7F87B6}.Debug|Any CPU.ActiveCfg = Debug|Any CPU
		{9BD35258-BBAF-481D-81EE-32623B7F87B6}.Debug|Any CPU.Build.0 = Debug|Any CPU
		{9BD35258-BBAF-481D-81EE-32623B7F87B6}.Release|Any CPU.ActiveCfg = Release|Any CPU
		{9BD35258-BBAF-481D-81EE-32623B7F87B6}.Release|Any CPU.Build.0 = Release|Any CPU
		{C1453028-4D29-4F41-AE3C-CFBCF1D0831E}.Debug|Any CPU.ActiveCfg = Debug|Any CPU
		{C1453028-4D29-4F41-AE3C-CFBCF1D0831E}.Debug|Any CPU.Build.0 = Debug|Any CPU
		{C1453028-4D29-4F41-AE3C-CFBCF1D0831E}.Release|Any CPU.ActiveCfg = Release|Any CPU
		{C1453028-4D29-4F41-AE3C-CFBCF1D0831E}.Release|Any CPU.Build.0 = Release|Any CPU
	EndGlobalSection
	GlobalSection(SolutionProperties) = preSolution
		HideSolutionNode = FALSE
	EndGlobalSection
	GlobalSection(ExtensibilityGlobals) = postSolution
		SolutionGuid = {720642F9-ECC7-47AD-A8F6-2920B7E79C8E}
	EndGlobalSection
EndGlobal
